{
    "_readme": [
        "This file locks the dependencies of your project to a known state",
        "Read more about it at https://getcomposer.org/doc/01-basic-usage.md#composer-lock-the-lock-file",
        "This file is @generated automatically"
    ],
    "hash": "899d50e9cdbdb7d9fbcfbe3e63f19085",
    "content-hash": "a89efc2080e35f50a3fdbf1064c2ee17",
    "packages": [
        {
            "name": "finwo/cache",
            "version": "v0.3.1",
            "source": {
                "type": "git",
                "url": "https://github.com/finwo/php-cache.git",
                "reference": "caccc641cb0fd6973a654a2f333c4a91e32798d3"
            },
            "dist": {
                "type": "zip",
                "url": "https://api.github.com/repos/finwo/php-cache/zipball/caccc641cb0fd6973a654a2f333c4a91e32798d3",
                "reference": "caccc641cb0fd6973a654a2f333c4a91e32798d3",
                "shasum": ""
            },
            "require": {
                "php": ">=5.3"
            },
            "require-dev": {
                "phpunit/phpunit": "*"
            },
            "type": "library",
            "autoload": {
                "psr-4": {
                    "Finwo\\Cache\\": "src"
                }
            },
            "notification-url": "https://packagist.org/downloads/",
            "authors": [
                {
                    "name": "Robin Bron",
                    "email": "robin@finwo.nl"
                }
            ],
            "time": "2016-06-20 08:54:06"
        }
    ],
    "packages-dev": [],
    "aliases": [],
    "minimum-stability": "stable",
    "stability-flags": [],
    "prefer-stable": false,
    "prefer-lowest": false,
    "platform": {
        "php": ">=5.3",
        "ext-memcached": "*"
    },
    "platform-dev": []
}
