{
    "_readme": [
        "This file locks the dependencies of your project to a known state",
        "Read more about it at https://getcomposer.org/doc/01-basic-usage.md#composer-lock-the-lock-file",
        "This file is @generated automatically"
    ],
    "hash": "2f539c9bc9114dabe04045b0018bbadb",
    "content-hash": "a89efc2080e35f50a3fdbf1064c2ee17",
    "packages": [
        {
            "name": "finwo/cache",
            "version": "v0.2",
            "source": {
                "type": "git",
                "url": "https://github.com/finwo/php-cache.git",
                "reference": "9342ec1ae2f0f682f4fe5cfcbd4829c977055304"
            },
            "dist": {
                "type": "zip",
                "url": "https://api.github.com/repos/finwo/php-cache/zipball/9342ec1ae2f0f682f4fe5cfcbd4829c977055304",
                "reference": "9342ec1ae2f0f682f4fe5cfcbd4829c977055304",
                "shasum": ""
            },
            "require": {
                "php": ">=5.3"
            },
            "type": "library",
            "autoload": {
                "psr-4": {
                    "Finwo\\Cache\\": "src"
                }
            },
            "notification-url": "https://packagist.org/downloads/",
            "authors": [
                {
                    "name": "Robin Bron",
                    "email": "robin@finwo.nl"
                }
            ],
            "time": "2016-05-30 14:59:20"
        }
    ],
    "packages-dev": [],
    "aliases": [],
    "minimum-stability": "stable",
    "stability-flags": [],
    "prefer-stable": false,
    "prefer-lowest": false,
    "platform": {
        "php": ">=5.3",
        "ext-memcached": "*"
    },
    "platform-dev": []
}
