{
    "_readme": [
        "This file locks the dependencies of your project to a known state",
        "Read more about it at https://getcomposer.org/doc/01-basic-usage.md#composer-lock-the-lock-file",
        "This file is @generated automatically"
    ],
    "hash": "f16dba2328d0d7922eb981024b4d62e7",
    "content-hash": "91fa09114e9f6a4385e619f0708eeb27",
    "packages": [
        {
            "name": "finwo/cache",
            "version": "dev-master",
            "source": {
                "type": "git",
                "url": "https://github.com/finwo/php-cache.git",
                "reference": "7f3bb125bed7b062ebc589a29d3985695001157d"
            },
            "dist": {
                "type": "zip",
                "url": "https://api.github.com/repos/finwo/php-cache/zipball/7f3bb125bed7b062ebc589a29d3985695001157d",
                "reference": "7f3bb125bed7b062ebc589a29d3985695001157d",
                "shasum": ""
            },
            "require": {
                "finwo/data-tools": "*@dev",
                "php": ">=5.3"
            },
            "type": "library",
            "autoload": {
                "psr-4": {
                    "Finwo\\Cache\\": "src"
                }
            },
            "notification-url": "https://packagist.org/downloads/",
            "authors": [
                {
                    "name": "Robin Bron",
                    "email": "robin@finwo.nl"
                }
            ],
            "time": "2016-04-13 23:06:14"
        },
        {
            "name": "finwo/data-tools",
            "version": "dev-master",
            "source": {
                "type": "git",
                "url": "https://github.com/finwo/data-tools-php.git",
                "reference": "25ef99b08544efd3056213573a3796b5a4824080"
            },
            "dist": {
                "type": "zip",
                "url": "https://api.github.com/repos/finwo/data-tools-php/zipball/25ef99b08544efd3056213573a3796b5a4824080",
                "reference": "25ef99b08544efd3056213573a3796b5a4824080",
                "shasum": ""
            },
            "require": {
                "finwo/property-accessor": "dev-master"
            },
            "type": "library",
            "autoload": {
                "psr-4": {
                    "Finwo\\Datatools\\": "src/"
                }
            },
            "authors": [
                {
                    "name": "Robin Bron",
                    "email": "robin@finwo.nl"
                }
            ],
            "support": {
                "source": "https://github.com/finwo/data-tools-php/tree/master",
                "issues": "https://github.com/finwo/data-tools-php/issues"
            },
            "time": "2016-04-13 17:36:03"
        },
        {
            "name": "finwo/property-accessor",
            "version": "dev-master",
            "source": {
                "type": "git",
                "url": "https://github.com/finwo/property-accessor.git",
                "reference": "43a9b49f82ba566800068427c12d28ac48efa8e3"
            },
            "dist": {
                "type": "zip",
                "url": "https://api.github.com/repos/finwo/property-accessor/zipball/43a9b49f82ba566800068427c12d28ac48efa8e3",
                "reference": "43a9b49f82ba566800068427c12d28ac48efa8e3",
                "shasum": ""
            },
            "type": "library",
            "autoload": {
                "psr-4": {
                    "Finwo\\PropertyAccessor\\": "src/"
                }
            },
            "notification-url": "https://packagist.org/downloads/",
            "authors": [
                {
                    "name": "Robin Bron",
                    "email": "robin@finwo.nl"
                }
            ],
            "time": "2016-04-13 09:05:33"
        }
    ],
    "packages-dev": [],
    "aliases": [],
    "minimum-stability": "dev",
    "stability-flags": {
        "finwo/cache": 20
    },
    "prefer-stable": false,
    "prefer-lowest": false,
    "platform": {
        "php": ">=5.3",
        "ext-memcached": "*"
    },
    "platform-dev": []
}
